// !$*UTF8*$!
{
	archiveVersion = 1;
	classes = {
	};
	objectVersion = 55;
	objects = {

/* Begin PBXBuildFile section */
		1CABFC1B2827F06C0020B409 /* AppDelegate.swift in Sources */ = {isa = PBXBuildFile; fileRef = 1CABFC1A2827F06C0020B409 /* AppDelegate.swift */; };
		1CABFC1D2827F06C0020B409 /* SceneDelegate.swift in Sources */ = {isa = PBXBuildFile; fileRef = 1CABFC1C2827F06C0020B409 /* SceneDelegate.swift */; };
		1CABFC1F2827F06C0020B409 /* ViewController.swift in Sources */ = {isa = PBXBuildFile; fileRef = 1CABFC1E2827F06C0020B409 /* ViewController.swift */; };
		1CABFC222827F06C0020B409 /* Main.storyboard in Resources */ = {isa = PBXBuildFile; fileRef = 1CABFC202827F06C0020B409 /* Main.storyboard */; };
		1CABFC242827F06D0020B409 /* Assets.xcassets in Resources */ = {isa = PBXBuildFile; fileRef = 1CABFC232827F06D0020B409 /* Assets.xcassets */; };
		1CABFC272827F06D0020B409 /* LaunchScreen.storyboard in Resources */ = {isa = PBXBuildFile; fileRef = 1CABFC252827F06D0020B409 /* LaunchScreen.storyboard */; };
		1CABFC302827F1150020B409 /* Charts in Frameworks */ = {isa = PBXBuildFile; productRef = 1CABFC2F2827F1150020B409 /* Charts */; };
		1CABFC322827F1F40020B409 /* LineViewController.swift in Sources */ = {isa = PBXBuildFile; fileRef = 1CABFC312827F1F40020B409 /* LineViewController.swift */; };
		1CABFC342827F1F80020B409 /* BarViewController.swift in Sources */ = {isa = PBXBuildFile; fileRef = 1CABFC332827F1F80020B409 /* BarViewController.swift */; };
/* End PBXBuildFile section */

/* Begin PBXFileReference section */
		1CABFC172827F06C0020B409 /* ChartsEx.app */ = {isa = PBXFileReference; explicitFileType = wrapper.application; includeInIndex = 0; path = ChartsEx.app; sourceTree = BUILT_PRODUCTS_DIR; };
		1CABFC1A2827F06C0020B409 /* AppDelegate.swift */ = {isa = PBXFileReference; lastKnownFileType = sourcecode.swift; path = AppDelegate.swift; sourceTree = "<group>"; };
		1CABFC1C2827F06C0020B409 /* SceneDelegate.swift */ = {isa = PBXFileReference; lastKnownFileType = sourcecode.swift; path = SceneDelegate.swift; sourceTree = "<group>"; };
		1CABFC1E2827F06C0020B409 /* ViewController.swift */ = {isa = PBXFileReference; lastKnownFileType = sourcecode.swift; path = ViewController.swift; sourceTree = "<group>"; };
		1CABFC212827F06C0020B409 /* Base */ = {isa = PBXFileReference; lastKnownFileType = file.storyboard; name = Base; path = Base.lproj/Main.storyboard; sourceTree = "<group>"; };
		1CABFC232827F06D0020B409 /* Assets.xcassets */ = {isa = PBXFileReference; lastKnownFileType = folder.assetcatalog; path = Assets.xcassets; sourceTree = "<group>"; };
		1CABFC262827F06D0020B409 /* Base */ = {isa = PBXFileReference; lastKnownFileType = file.storyboard; name = Base; path = Base.lproj/LaunchScreen.storyboard; sourceTree = "<group>"; };
		1CABFC282827F06D0020B409 /* Info.plist */ = {isa = PBXFileReference; lastKnownFileType = text.plist.xml; path = Info.plist; sourceTree = "<group>"; };
		1CABFC312827F1F40020B409 /* LineViewController.swift */ = {isa = PBXFileReference; lastKnownFileType = sourcecode.swift; path = LineViewController.swift; sourceTree = "<group>"; };
		1CABFC332827F1F80020B409 /* BarViewController.swift */ = {isa = PBXFileReference; lastKnownFileType = sourcecode.swift; path = BarViewController.swift; sourceTree = "<group>"; };
/* End PBXFileReference section */

/* Begin PBXFrameworksBuildPhase section */
		1CABFC142827F06C0020B409 /* Frameworks */ = {
			isa = PBXFrameworksBuildPhase;
			buildActionMask = 2147483647;
			files = (
				1CABFC302827F1150020B409 /* Charts in Frameworks */,
			);
			runOnlyForDeploymentPostprocessing = 0;
		};
/* End PBXFrameworksBuildPhase section */

/* Begin PBXGroup section */
		1CABFC0E2827F06C0020B409 = {
			isa = PBXGroup;
			children = (
				1CABFC192827F06C0020B409 /* ChartsEx */,
				1CABFC182827F06C0020B409 /* Products */,
			);
			sourceTree = "<group>";
		};
		1CABFC182827F06C0020B409 /* Products */ = {
			isa = PBXGroup;
			children = (
				1CABFC172827F06C0020B409 /* ChartsEx.app */,
			);
			name = Products;
			sourceTree = "<group>";
		};
		1CABFC192827F06C0020B409 /* ChartsEx */ = {
			isa = PBXGroup;
			children = (
				1CABFC362827F2580020B409 /* Resources */,
				1CABFC352827F2510020B409 /* Sources */,
				1CABFC282827F06D0020B409 /* Info.plist */,
			);
			path = ChartsEx;
			sourceTree = "<group>";
		};
		1CABFC352827F2510020B409 /* Sources */ = {
			isa = PBXGroup;
			children = (
				1CABFC1A2827F06C0020B409 /* AppDelegate.swift */,
				1CABFC1C2827F06C0020B409 /* SceneDelegate.swift */,
				1CABFC1E2827F06C0020B409 /* ViewController.swift */,
				1CABFC312827F1F40020B409 /* LineViewController.swift */,
				1CABFC332827F1F80020B409 /* BarViewController.swift */,
			);
			path = Sources;
			sourceTree = "<group>";
		};
		1CABFC362827F2580020B409 /* Resources */ = {
			isa = PBXGroup;
			children = (
				1CABFC202827F06C0020B409 /* Main.storyboard */,
				1CABFC232827F06D0020B409 /* Assets.xcassets */,
				1CABFC252827F06D0020B409 /* LaunchScreen.storyboard */,
			);
			path = Resources;
			sourceTree = "<group>";
		};
/* End PBXGroup section */

/* Begin PBXNativeTarget section */
		1CABFC162827F06C0020B409 /* ChartsEx */ = {
			isa = PBXNativeTarget;
			buildConfigurationList = 1CABFC2B2827F06D0020B409 /* Build configuration list for PBXNativeTarget "ChartsEx" */;
			buildPhases = (
				1CABFC132827F06C0020B409 /* Sources */,
				1CABFC142827F06C0020B409 /* Frameworks */,
				1CABFC152827F06C0020B409 /* Resources */,
			);
			buildRules = (
			);
			dependencies = (
			);
			name = ChartsEx;
			packageProductDependencies = (
				1CABFC2F2827F1150020B409 /* Charts */,
			);
			productName = ChartsEx;
			productReference = 1CABFC172827F06C0020B409 /* ChartsEx.app */;
			productType = "com.apple.product-type.application";
		};
/* End PBXNativeTarget section */

/* Begin PBXProject section */
		1CABFC0F2827F06C0020B409 /* Project object */ = {
			isa = PBXProject;
			attributes = {
				BuildIndependentTargetsInParallel = 1;
				LastSwiftUpdateCheck = 1330;
				LastUpgradeCheck = 1330;
				TargetAttributes = {
					1CABFC162827F06C0020B409 = {
						CreatedOnToolsVersion = 13.3.1;
					};
				};
			};
			buildConfigurationList = 1CABFC122827F06C0020B409 /* Build configuration list for PBXProject "ChartsEx" */;
			compatibilityVersion = "Xcode 13.0";
			developmentRegion = en;
			hasScannedForEncodings = 0;
			knownRegions = (
				en,
				Base,
			);
			mainGroup = 1CABFC0E2827F06C0020B409;
			packageReferences = (
				1CABFC2E2827F1150020B409 /* XCRemoteSwiftPackageReference "Charts" */,
			);
			productRefGroup = 1CABFC182827F06C0020B409 /* Products */;
			projectDirPath = "";
			projectRoot = "";
			targets = (
				1CABFC162827F06C0020B409 /* ChartsEx */,
			);
		};
/* End PBXProject section */

/* Begin PBXResourcesBuildPhase section */
		1CABFC152827F06C0020B409 /* Resources */ = {
			isa = PBXResourcesBuildPhase;
			buildActionMask = 2147483647;
			files = (
				1CABFC272827F06D0020B409 /* LaunchScreen.storyboard in Resources */,
				1CABFC242827F06D0020B409 /* Assets.xcassets in Resources */,
				1CABFC222827F06C0020B409 /* Main.storyboard in Resources */,
			);
			runOnlyForDeploymentPostprocessing = 0;
		};
/* End PBXResourcesBuildPhase section */

/* Begin PBXSourcesBuildPhase section */
		1CABFC132827F06C0020B409 /* Sources */ = {
			isa = PBXSourcesBuildPhase;
			buildActionMask = 2147483647;
			files = (
				1CABFC1F2827F06C0020B409 /* ViewController.swift in Sources */,
				1CABFC342827F1F80020B409 /* BarViewController.swift in Sources */,
				1CABFC1B2827F06C0020B409 /* AppDelegate.swift in Sources */,
				1CABFC322827F1F40020B409 /* LineViewController.swift in Sources */,
				1CABFC1D2827F06C0020B409 /* SceneDelegate.swift in Sources */,
			);
			runOnlyForDeploymentPostprocessing = 0;
		};
/* End PBXSourcesBuildPhase section */

/* Begin PBXVariantGroup section */
		1CABFC202827F06C0020B409 /* Main.storyboard */ = {
			isa = PBXVariantGroup;
			children = (
				1CABFC212827F06C0020B409 /* Base */,
			);
			name = Main.storyboard;
			sourceTree = "<group>";
		};
		1CABFC252827F06D0020B409 /* LaunchScreen.storyboard */ = {
			isa = PBXVariantGroup;
			children = (
				1CABFC262827F06D0020B409 /* Base */,
			);
			name = LaunchScreen.storyboard;
			sourceTree = "<group>";
		};
/* End PBXVariantGroup section */

/* Begin XCBuildConfiguration section */
		1CABFC292827F06D0020B409 /* Debug */ = {
			isa = XCBuildConfiguration;
			buildSettings = {
				ALWAYS_SEARCH_USER_PATHS = NO;
				CLANG_ANALYZER_NONNULL = YES;
				CLANG_ANALYZER_NUMBER_OBJECT_CONVERSION = YES_AGGRESSIVE;
				CLANG_CXX_LANGUAGE_STANDARD = "gnu++17";
				CLANG_ENABLE_MODULES = YES;
				CLANG_ENABLE_OBJC_ARC = YES;
				CLANG_ENABLE_OBJC_WEAK = YES;
				CLANG_WARN_BLOCK_CAPTURE_AUTORELEASING = YES;
				CLANG_WARN_BOOL_CONVERSION = YES;
				CLANG_WARN_COMMA = YES;
				CLANG_WARN_CONSTANT_CONVERSION = YES;
				CLANG_WARN_DEPRECATED_OBJC_IMPLEMENTATIONS = YES;
				CLANG_WARN_DIRECT_OBJC_ISA_USAGE = YES_ERROR;
				CLANG_WARN_DOCUMENTATION_COMMENTS = YES;
				CLANG_WARN_EMPTY_BODY = YES;
				CLANG_WARN_ENUM_CONVERSION = YES;
				CLANG_WARN_INFINITE_RECURSION = YES;
				CLANG_WARN_INT_CONVERSION = YES;
				CLANG_WARN_NON_LITERAL_NULL_CONVERSION = YES;
				CLANG_WARN_OBJC_IMPLICIT_RETAIN_SELF = YES;
				CLANG_WARN_OBJC_LITERAL_CONVERSION = YES;
				CLANG_WARN_OBJC_ROOT_CLASS = YES_ERROR;
				CLANG_WARN_QUOTED_INCLUDE_IN_FRAMEWORK_HEADER = YES;
				CLANG_WARN_RANGE_LOOP_ANALYSIS = YES;
				CLANG_WARN_STRICT_PROTOTYPES = YES;
				CLANG_WARN_SUSPICIOUS_MOVE = YES;
				CLANG_WARN_UNGUARDED_AVAILABILITY = YES_AGGRESSIVE;
				CLANG_WARN_UNREACHABLE_CODE = YES;
				CLANG_WARN__DUPLICATE_METHOD_MATCH = YES;
				COPY_PHASE_STRIP = NO;
				DEBUG_INFORMATION_FORMAT = dwarf;
				ENABLE_STRICT_OBJC_MSGSEND = YES;
				ENABLE_TESTABILITY = YES;
				GCC_C_LANGUAGE_STANDARD = gnu11;
				GCC_DYNAMIC_NO_PIC = NO;
				GCC_NO_COMMON_BLOCKS = YES;
				GCC_OPTIMIZATION_LEVEL = 0;
				GCC_PREPROCESSOR_DEFINITIONS = (
					"DEBUG=1",
					"$(inherited)",
				);
				GCC_WARN_64_TO_32_BIT_CONVERSION = YES;
				GCC_WARN_ABOUT_RETURN_TYPE = YES_ERROR;
				GCC_WARN_UNDECLARED_SELECTOR = YES;
				GCC_WARN_UNINITIALIZED_AUTOS = YES_AGGRESSIVE;
				GCC_WARN_UNUSED_FUNCTION = YES;
				GCC_WARN_UNUSED_VARIABLE = YES;
				IPHONEOS_DEPLOYMENT_TARGET = 15.4;
				MTL_ENABLE_DEBUG_INFO = INCLUDE_SOURCE;
				MTL_FAST_MATH = YES;
				ONLY_ACTIVE_ARCH = YES;
				SDKROOT = iphoneos;
				SWIFT_ACTIVE_COMPILATION_CONDITIONS = DEBUG;
				SWIFT_OPTIMIZATION_LEVEL = "-Onone";
			};
			name = Debug;
		};
		1CABFC2A2827F06D0020B409 /* Release */ = {
			isa = XCBuildConfiguration;
			buildSettings = {
				ALWAYS_SEARCH_USER_PATHS = NO;
				CLANG_ANALYZER_NONNULL = YES;
				CLANG_ANALYZER_NUMBER_OBJECT_CONVERSION = YES_AGGRESSIVE;
				CLANG_CXX_LANGUAGE_STANDARD = "gnu++17";
				CLANG_ENABLE_MODULES = YES;
				CLANG_ENABLE_OBJC_ARC = YES;
				CLANG_ENABLE_OBJC_WEAK = YES;
				CLANG_WARN_BLOCK_CAPTURE_AUTORELEASING = YES;
				CLANG_WARN_BOOL_CONVERSION = YES;
				CLANG_WARN_COMMA = YES;
				CLANG_WARN_CONSTANT_CONVERSION = YES;
				CLANG_WARN_DEPRECATED_OBJC_IMPLEMENTATIONS = YES;
				CLANG_WARN_DIRECT_OBJC_ISA_USAGE = YES_ERROR;
				CLANG_WARN_DOCUMENTATION_COMMENTS = YES;
				CLANG_WARN_EMPTY_BODY = YES;
				CLANG_WARN_ENUM_CONVERSION = YES;
				CLANG_WARN_INFINITE_RECURSION = YES;
				CLANG_WARN_INT_CONVERSION = YES;
				CLANG_WARN_NON_LITERAL_NULL_CONVERSION = YES;
				CLANG_WARN_OBJC_IMPLICIT_RETAIN_SELF = YES;
				CLANG_WARN_OBJC_LITERAL_CONVERSION = YES;
				CLANG_WARN_OBJC_ROOT_CLASS = YES_ERROR;
				CLANG_WARN_QUOTED_INCLUDE_IN_FRAMEWORK_HEADER = YES;
				CLANG_WARN_RANGE_LOOP_ANALYSIS = YES;
				CLANG_WARN_STRICT_PROTOTYPES = YES;
				CLANG_WARN_SUSPICIOUS_MOVE = YES;
				CLANG_WARN_UNGUARDED_AVAILABILITY = YES_AGGRESSIVE;
				CLANG_WARN_UNREACHABLE_CODE = YES;
				CLANG_WARN__DUPLICATE_METHOD_MATCH = YES;
				COPY_PHASE_STRIP = NO;
				DEBUG_INFORMATION_FORMAT = "dwarf-with-dsym";
				ENABLE_NS_ASSERTIONS = NO;
				ENABLE_STRICT_OBJC_MSGSEND = YES;
				GCC_C_LANGUAGE_STANDARD = gnu11;
				GCC_NO_COMMON_BLOCKS = YES;
				GCC_WARN_64_TO_32_BIT_CONVERSION = YES;
				GCC_WARN_ABOUT_RETURN_TYPE = YES_ERROR;
				GCC_WARN_UNDECLARED_SELECTOR = YES;
				GCC_WARN_UNINITIALIZED_AUTOS = YES_AGGRESSIVE;
				GCC_WARN_UNUSED_FUNCTION = YES;
				GCC_WARN_UNUSED_VARIABLE = YES;
				IPHONEOS_DEPLOYMENT_TARGET = 15.4;
				MTL_ENABLE_DEBUG_INFO = NO;
				MTL_FAST_MATH = YES;
				SDKROOT = iphoneos;
				SWIFT_COMPILATION_MODE = wholemodule;
				SWIFT_OPTIMIZATION_LEVEL = "-O";
				VALIDATE_PRODUCT = YES;
			};
			name = Release;
		};
		1CABFC2C2827F06D0020B409 /* Debug */ = {
			isa = XCBuildConfiguration;
			buildSettings = {
				ASSETCATALOG_COMPILER_APPICON_NAME = AppIcon;
				ASSETCATALOG_COMPILER_GLOBAL_ACCENT_COLOR_NAME = AccentColor;
				CODE_SIGN_STYLE = Automatic;
				CURRENT_PROJECT_VERSION = 1;
				DEVELOPMENT_TEAM = 5LZNHGFB8C;
				GENERATE_INFOPLIST_FILE = YES;
				INFOPLIST_FILE = ChartsEx/Info.plist;
				INFOPLIST_KEY_UIApplicationSupportsIndirectInputEvents = YES;
				INFOPLIST_KEY_UILaunchStoryboardName = LaunchScreen;
				INFOPLIST_KEY_UIMainStoryboardFile = Main;
				INFOPLIST_KEY_UISupportedInterfaceOrientations_iPad = "UIInterfaceOrientationPortrait UIInterfaceOrientationPortraitUpsideDown UIInterfaceOrientationLandscapeLeft UIInterfaceOrientationLandscapeRight";
				INFOPLIST_KEY_UISupportedInterfaceOrientations_iPhone = "UIInterfaceOrientationPortrait UIInterfaceOrientationLandscapeLeft UIInterfaceOrientationLandscapeRight";
				LD_RUNPATH_SEARCH_PATHS = (
					"$(inherited)",
					"@executable_path/Frameworks",
				);
				MARKETING_VERSION = 1.0;
				PRODUCT_BUNDLE_IDENTIFIER = KEEN.ChartsEx;
				PRODUCT_NAME = "$(TARGET_NAME)";
				SWIFT_EMIT_LOC_STRINGS = YES;
				SWIFT_VERSION = 5.0;
				TARGETED_DEVICE_FAMILY = 1;
			};
			name = Debug;
		};
		1CABFC2D2827F06D0020B409 /* Release */ = {
			isa = XCBuildConfiguration;
			buildSettings = {
				ASSETCATALOG_COMPILER_APPICON_NAME = AppIcon;
				ASSETCATALOG_COMPILER_GLOBAL_ACCENT_COLOR_NAME = AccentColor;
				CODE_SIGN_STYLE = Automatic;
				CURRENT_PROJECT_VERSION = 1;
				DEVELOPMENT_TEAM = 5LZNHGFB8C;
				GENERATE_INFOPLIST_FILE = YES;
				INFOPLIST_FILE = ChartsEx/Info.plist;
				INFOPLIST_KEY_UIApplicationSupportsIndirectInputEvents = YES;
				INFOPLIST_KEY_UILaunchStoryboardName = LaunchScreen;
				INFOPLIST_KEY_UIMainStoryboardFile = Main;
				INFOPLIST_KEY_UISupportedInterfaceOrientations_iPad = "UIInterfaceOrientationPortrait UIInterfaceOrientationPortraitUpsideDown UIInterfaceOrientationLandscapeLeft UIInterfaceOrientationLandscapeRight";
				INFOPLIST_KEY_UISupportedInterfaceOrientations_iPhone = "UIInterfaceOrientationPortrait UIInterfaceOrientationLandscapeLeft UIInterfaceOrientationLandscapeRight";
				LD_RUNPATH_SEARCH_PATHS = (
					"$(inherited)",
					"@executable_path/Frameworks",
				);
				MARKETING_VERSION = 1.0;
				PRODUCT_BUNDLE_IDENTIFIER = KEEN.ChartsEx;
				PRODUCT_NAME = "$(TARGET_NAME)";
				SWIFT_EMIT_LOC_STRINGS = YES;
				SWIFT_VERSION = 5.0;
				TARGETED_DEVICE_FAMILY = 1;
			};
			name = Release;
		};
/* End XCBuildConfiguration section */

/* Begin XCConfigurationList section */
		1CABFC122827F06C0020B409 /* Build configuration list for PBXProject "ChartsEx" */ = {
			isa = XCConfigurationList;
			buildConfigurations = (
				1CABFC292827F06D0020B409 /* Debug */,
				1CABFC2A2827F06D0020B409 /* Release */,
			);
			defaultConfigurationIsVisible = 0;
			defaultConfigurationName = Release;
		};
		1CABFC2B2827F06D0020B409 /* Build configuration list for PBXNativeTarget "ChartsEx" */ = {
			isa = XCConfigurationList;
			buildConfigurations = (
				1CABFC2C2827F06D0020B409 /* Debug */,
				1CABFC2D2827F06D0020B409 /* Release */,
			);
			defaultConfigurationIsVisible = 0;
			defaultConfigurationName = Release;
		};
/* End XCConfigurationList section */

/* Begin XCRemoteSwiftPackageReference section */
		1CABFC2E2827F1150020B409 /* XCRemoteSwiftPackageReference "Charts" */ = {
			isa = XCRemoteSwiftPackageReference;
			repositoryURL = "https://github.com/danielgindi/Charts";
			requirement = {
				kind = upToNextMajorVersion;
				minimumVersion = 3.0.0;
			};
		};
/* End XCRemoteSwiftPackageReference section */

/* Begin XCSwiftPackageProductDependency section */
		1CABFC2F2827F1150020B409 /* Charts */ = {
			isa = XCSwiftPackageProductDependency;
			package = 1CABFC2E2827F1150020B409 /* XCRemoteSwiftPackageReference "Charts" */;
			productName = Charts;
		};
/* End XCSwiftPackageProductDependency section */
	};
	rootObject = 1CABFC0F2827F06C0020B409 /* Project object */;
}
