{
  "pins" : [
    {
      "identity" : "fscalendar",
      "kind" : "remoteSourceControl",
      "location" : "https://github.com/WenchaoD/FSCalendar.git",
      "state" : {
        "revision" : "afaf247581eb1f8aea847f2e6c99c665ae900494",
        "version" : "2.8.3"
      }
    }
  ],
  "version" : 2
}
