// !$*UTF8*$!
{
	archiveVersion = 1;
	classes = {
	};
	objectVersion = 55;
	objects = {

/* Begin PBXBuildFile section */
		1C35159327D4B874002DEF06 /* AppDelegate.swift in Sources */ = {isa = PBXBuildFile; fileRef = 1C35159227D4B874002DEF06 /* AppDelegate.swift */; };
		1C35159527D4B874002DEF06 /* SceneDelegate.swift in Sources */ = {isa = PBXBuildFile; fileRef = 1C35159427D4B874002DEF06 /* SceneDelegate.swift */; };
		1C35159727D4B874002DEF06 /* MainViewController.swift in Sources */ = {isa = PBXBuildFile; fileRef = 1C35159627D4B874002DEF06 /* MainViewController.swift */; };
		1C35159A27D4B874002DEF06 /* Main.storyboard in Resources */ = {isa = PBXBuildFile; fileRef = 1C35159827D4B874002DEF06 /* Main.storyboard */; };
		1C35159C27D4B874002DEF06 /* Assets.xcassets in Resources */ = {isa = PBXBuildFile; fileRef = 1C35159B27D4B874002DEF06 /* Assets.xcassets */; };
		1C35159F27D4B874002DEF06 /* LaunchScreen.storyboard in Resources */ = {isa = PBXBuildFile; fileRef = 1C35159D27D4B874002DEF06 /* LaunchScreen.storyboard */; };
		1C3515A727D4C24A002DEF06 /* AddViewController.swift in Sources */ = {isa = PBXBuildFile; fileRef = 1C3515A627D4C24A002DEF06 /* AddViewController.swift */; };
		1C3515A927D4C3D4002DEF06 /* MainTableViewCell.swift in Sources */ = {isa = PBXBuildFile; fileRef = 1C3515A827D4C3D4002DEF06 /* MainTableViewCell.swift */; };
		1C3515AB27D4C7F5002DEF06 /* Anniversary.swift in Sources */ = {isa = PBXBuildFile; fileRef = 1C3515AA27D4C7F5002DEF06 /* Anniversary.swift */; };
		1C3515AD27D4C88D002DEF06 /* Extension++DateFormatter.swift in Sources */ = {isa = PBXBuildFile; fileRef = 1C3515AC27D4C88D002DEF06 /* Extension++DateFormatter.swift */; };
/* End PBXBuildFile section */

/* Begin PBXFileReference section */
		1C35158F27D4B874002DEF06 /* DDayCalendar.app */ = {isa = PBXFileReference; explicitFileType = wrapper.application; includeInIndex = 0; path = DDayCalendar.app; sourceTree = BUILT_PRODUCTS_DIR; };
		1C35159227D4B874002DEF06 /* AppDelegate.swift */ = {isa = PBXFileReference; lastKnownFileType = sourcecode.swift; path = AppDelegate.swift; sourceTree = "<group>"; };
		1C35159427D4B874002DEF06 /* SceneDelegate.swift */ = {isa = PBXFileReference; lastKnownFileType = sourcecode.swift; path = SceneDelegate.swift; sourceTree = "<group>"; };
		1C35159627D4B874002DEF06 /* MainViewController.swift */ = {isa = PBXFileReference; lastKnownFileType = sourcecode.swift; path = MainViewController.swift; sourceTree = "<group>"; };
		1C35159927D4B874002DEF06 /* Base */ = {isa = PBXFileReference; lastKnownFileType = file.storyboard; name = Base; path = Base.lproj/Main.storyboard; sourceTree = "<group>"; };
		1C35159B27D4B874002DEF06 /* Assets.xcassets */ = {isa = PBXFileReference; lastKnownFileType = folder.assetcatalog; path = Assets.xcassets; sourceTree = "<group>"; };
		1C35159E27D4B874002DEF06 /* Base */ = {isa = PBXFileReference; lastKnownFileType = file.storyboard; name = Base; path = Base.lproj/LaunchScreen.storyboard; sourceTree = "<group>"; };
		1C3515A027D4B874002DEF06 /* Info.plist */ = {isa = PBXFileReference; lastKnownFileType = text.plist.xml; path = Info.plist; sourceTree = "<group>"; };
		1C3515A627D4C24A002DEF06 /* AddViewController.swift */ = {isa = PBXFileReference; lastKnownFileType = sourcecode.swift; path = AddViewController.swift; sourceTree = "<group>"; };
		1C3515A827D4C3D4002DEF06 /* MainTableViewCell.swift */ = {isa = PBXFileReference; lastKnownFileType = sourcecode.swift; path = MainTableViewCell.swift; sourceTree = "<group>"; };
		1C3515AA27D4C7F5002DEF06 /* Anniversary.swift */ = {isa = PBXFileReference; lastKnownFileType = sourcecode.swift; path = Anniversary.swift; sourceTree = "<group>"; };
		1C3515AC27D4C88D002DEF06 /* Extension++DateFormatter.swift */ = {isa = PBXFileReference; lastKnownFileType = sourcecode.swift; path = "Extension++DateFormatter.swift"; sourceTree = "<group>"; };
/* End PBXFileReference section */

/* Begin PBXFrameworksBuildPhase section */
		1C35158C27D4B874002DEF06 /* Frameworks */ = {
			isa = PBXFrameworksBuildPhase;
			buildActionMask = 2147483647;
			files = (
			);
			runOnlyForDeploymentPostprocessing = 0;
		};
/* End PBXFrameworksBuildPhase section */

/* Begin PBXGroup section */
		1C35158627D4B874002DEF06 = {
			isa = PBXGroup;
			children = (
				1C35159127D4B874002DEF06 /* DDayCalendar */,
				1C35159027D4B874002DEF06 /* Products */,
			);
			sourceTree = "<group>";
		};
		1C35159027D4B874002DEF06 /* Products */ = {
			isa = PBXGroup;
			children = (
				1C35158F27D4B874002DEF06 /* DDayCalendar.app */,
			);
			name = Products;
			sourceTree = "<group>";
		};
		1C35159127D4B874002DEF06 /* DDayCalendar */ = {
			isa = PBXGroup;
			children = (
				1C35159227D4B874002DEF06 /* AppDelegate.swift */,
				1C35159427D4B874002DEF06 /* SceneDelegate.swift */,
				1C35159627D4B874002DEF06 /* MainViewController.swift */,
				1C3515A827D4C3D4002DEF06 /* MainTableViewCell.swift */,
				1C3515A627D4C24A002DEF06 /* AddViewController.swift */,
				1C3515AA27D4C7F5002DEF06 /* Anniversary.swift */,
				1C3515AC27D4C88D002DEF06 /* Extension++DateFormatter.swift */,
				1C35159827D4B874002DEF06 /* Main.storyboard */,
				1C35159B27D4B874002DEF06 /* Assets.xcassets */,
				1C35159D27D4B874002DEF06 /* LaunchScreen.storyboard */,
				1C3515A027D4B874002DEF06 /* Info.plist */,
			);
			path = DDayCalendar;
			sourceTree = "<group>";
		};
/* End PBXGroup section */

/* Begin PBXNativeTarget section */
		1C35158E27D4B874002DEF06 /* DDayCalendar */ = {
			isa = PBXNativeTarget;
			buildConfigurationList = 1C3515A327D4B874002DEF06 /* Build configuration list for PBXNativeTarget "DDayCalendar" */;
			buildPhases = (
				1C35158B27D4B874002DEF06 /* Sources */,
				1C35158C27D4B874002DEF06 /* Frameworks */,
				1C35158D27D4B874002DEF06 /* Resources */,
			);
			buildRules = (
			);
			dependencies = (
			);
			name = DDayCalendar;
			productName = DDayCalendar;
			productReference = 1C35158F27D4B874002DEF06 /* DDayCalendar.app */;
			productType = "com.apple.product-type.application";
		};
/* End PBXNativeTarget section */

/* Begin PBXProject section */
		1C35158727D4B874002DEF06 /* Project object */ = {
			isa = PBXProject;
			attributes = {
				BuildIndependentTargetsInParallel = 1;
				LastSwiftUpdateCheck = 1320;
				LastUpgradeCheck = 1320;
				TargetAttributes = {
					1C35158E27D4B874002DEF06 = {
						CreatedOnToolsVersion = 13.2.1;
					};
				};
			};
			buildConfigurationList = 1C35158A27D4B874002DEF06 /* Build configuration list for PBXProject "DDayCalendar" */;
			compatibilityVersion = "Xcode 13.0";
			developmentRegion = en;
			hasScannedForEncodings = 0;
			knownRegions = (
				en,
				Base,
			);
			mainGroup = 1C35158627D4B874002DEF06;
			productRefGroup = 1C35159027D4B874002DEF06 /* Products */;
			projectDirPath = "";
			projectRoot = "";
			targets = (
				1C35158E27D4B874002DEF06 /* DDayCalendar */,
			);
		};
/* End PBXProject section */

/* Begin PBXResourcesBuildPhase section */
		1C35158D27D4B874002DEF06 /* Resources */ = {
			isa = PBXResourcesBuildPhase;
			buildActionMask = 2147483647;
			files = (
				1C35159F27D4B874002DEF06 /* LaunchScreen.storyboard in Resources */,
				1C35159C27D4B874002DEF06 /* Assets.xcassets in Resources */,
				1C35159A27D4B874002DEF06 /* Main.storyboard in Resources */,
			);
			runOnlyForDeploymentPostprocessing = 0;
		};
/* End PBXResourcesBuildPhase section */

/* Begin PBXSourcesBuildPhase section */
		1C35158B27D4B874002DEF06 /* Sources */ = {
			isa = PBXSourcesBuildPhase;
			buildActionMask = 2147483647;
			files = (
				1C3515AB27D4C7F5002DEF06 /* Anniversary.swift in Sources */,
				1C35159727D4B874002DEF06 /* MainViewController.swift in Sources */,
				1C35159327D4B874002DEF06 /* AppDelegate.swift in Sources */,
				1C3515A727D4C24A002DEF06 /* AddViewController.swift in Sources */,
				1C3515AD27D4C88D002DEF06 /* Extension++DateFormatter.swift in Sources */,
				1C35159527D4B874002DEF06 /* SceneDelegate.swift in Sources */,
				1C3515A927D4C3D4002DEF06 /* MainTableViewCell.swift in Sources */,
			);
			runOnlyForDeploymentPostprocessing = 0;
		};
/* End PBXSourcesBuildPhase section */

/* Begin PBXVariantGroup section */
		1C35159827D4B874002DEF06 /* Main.storyboard */ = {
			isa = PBXVariantGroup;
			children = (
				1C35159927D4B874002DEF06 /* Base */,
			);
			name = Main.storyboard;
			sourceTree = "<group>";
		};
		1C35159D27D4B874002DEF06 /* LaunchScreen.storyboard */ = {
			isa = PBXVariantGroup;
			children = (
				1C35159E27D4B874002DEF06 /* Base */,
			);
			name = LaunchScreen.storyboard;
			sourceTree = "<group>";
		};
/* End PBXVariantGroup section */

/* Begin XCBuildConfiguration section */
		1C3515A127D4B874002DEF06 /* Debug */ = {
			isa = XCBuildConfiguration;
			buildSettings = {
				ALWAYS_SEARCH_USER_PATHS = NO;
				CLANG_ANALYZER_NONNULL = YES;
				CLANG_ANALYZER_NUMBER_OBJECT_CONVERSION = YES_AGGRESSIVE;
				CLANG_CXX_LANGUAGE_STANDARD = "gnu++17";
				CLANG_CXX_LIBRARY = "libc++";
				CLANG_ENABLE_MODULES = YES;
				CLANG_ENABLE_OBJC_ARC = YES;
				CLANG_ENABLE_OBJC_WEAK = YES;
				CLANG_WARN_BLOCK_CAPTURE_AUTORELEASING = YES;
				CLANG_WARN_BOOL_CONVERSION = YES;
				CLANG_WARN_COMMA = YES;
				CLANG_WARN_CONSTANT_CONVERSION = YES;
				CLANG_WARN_DEPRECATED_OBJC_IMPLEMENTATIONS = YES;
				CLANG_WARN_DIRECT_OBJC_ISA_USAGE = YES_ERROR;
				CLANG_WARN_DOCUMENTATION_COMMENTS = YES;
				CLANG_WARN_EMPTY_BODY = YES;
				CLANG_WARN_ENUM_CONVERSION = YES;
				CLANG_WARN_INFINITE_RECURSION = YES;
				CLANG_WARN_INT_CONVERSION = YES;
				CLANG_WARN_NON_LITERAL_NULL_CONVERSION = YES;
				CLANG_WARN_OBJC_IMPLICIT_RETAIN_SELF = YES;
				CLANG_WARN_OBJC_LITERAL_CONVERSION = YES;
				CLANG_WARN_OBJC_ROOT_CLASS = YES_ERROR;
				CLANG_WARN_QUOTED_INCLUDE_IN_FRAMEWORK_HEADER = YES;
				CLANG_WARN_RANGE_LOOP_ANALYSIS = YES;
				CLANG_WARN_STRICT_PROTOTYPES = YES;
				CLANG_WARN_SUSPICIOUS_MOVE = YES;
				CLANG_WARN_UNGUARDED_AVAILABILITY = YES_AGGRESSIVE;
				CLANG_WARN_UNREACHABLE_CODE = YES;
				CLANG_WARN__DUPLICATE_METHOD_MATCH = YES;
				COPY_PHASE_STRIP = NO;
				DEBUG_INFORMATION_FORMAT = dwarf;
				ENABLE_STRICT_OBJC_MSGSEND = YES;
				ENABLE_TESTABILITY = YES;
				GCC_C_LANGUAGE_STANDARD = gnu11;
				GCC_DYNAMIC_NO_PIC = NO;
				GCC_NO_COMMON_BLOCKS = YES;
				GCC_OPTIMIZATION_LEVEL = 0;
				GCC_PREPROCESSOR_DEFINITIONS = (
					"DEBUG=1",
					"$(inherited)",
				);
				GCC_WARN_64_TO_32_BIT_CONVERSION = YES;
				GCC_WARN_ABOUT_RETURN_TYPE = YES_ERROR;
				GCC_WARN_UNDECLARED_SELECTOR = YES;
				GCC_WARN_UNINITIALIZED_AUTOS = YES_AGGRESSIVE;
				GCC_WARN_UNUSED_FUNCTION = YES;
				GCC_WARN_UNUSED_VARIABLE = YES;
				IPHONEOS_DEPLOYMENT_TARGET = 15.2;
				MTL_ENABLE_DEBUG_INFO = INCLUDE_SOURCE;
				MTL_FAST_MATH = YES;
				ONLY_ACTIVE_ARCH = YES;
				SDKROOT = iphoneos;
				SWIFT_ACTIVE_COMPILATION_CONDITIONS = DEBUG;
				SWIFT_OPTIMIZATION_LEVEL = "-Onone";
			};
			name = Debug;
		};
		1C3515A227D4B874002DEF06 /* Release */ = {
			isa = XCBuildConfiguration;
			buildSettings = {
				ALWAYS_SEARCH_USER_PATHS = NO;
				CLANG_ANALYZER_NONNULL = YES;
				CLANG_ANALYZER_NUMBER_OBJECT_CONVERSION = YES_AGGRESSIVE;
				CLANG_CXX_LANGUAGE_STANDARD = "gnu++17";
				CLANG_CXX_LIBRARY = "libc++";
				CLANG_ENABLE_MODULES = YES;
				CLANG_ENABLE_OBJC_ARC = YES;
				CLANG_ENABLE_OBJC_WEAK = YES;
				CLANG_WARN_BLOCK_CAPTURE_AUTORELEASING = YES;
				CLANG_WARN_BOOL_CONVERSION = YES;
				CLANG_WARN_COMMA = YES;
				CLANG_WARN_CONSTANT_CONVERSION = YES;
				CLANG_WARN_DEPRECATED_OBJC_IMPLEMENTATIONS = YES;
				CLANG_WARN_DIRECT_OBJC_ISA_USAGE = YES_ERROR;
				CLANG_WARN_DOCUMENTATION_COMMENTS = YES;
				CLANG_WARN_EMPTY_BODY = YES;
				CLANG_WARN_ENUM_CONVERSION = YES;
				CLANG_WARN_INFINITE_RECURSION = YES;
				CLANG_WARN_INT_CONVERSION = YES;
				CLANG_WARN_NON_LITERAL_NULL_CONVERSION = YES;
				CLANG_WARN_OBJC_IMPLICIT_RETAIN_SELF = YES;
				CLANG_WARN_OBJC_LITERAL_CONVERSION = YES;
				CLANG_WARN_OBJC_ROOT_CLASS = YES_ERROR;
				CLANG_WARN_QUOTED_INCLUDE_IN_FRAMEWORK_HEADER = YES;
				CLANG_WARN_RANGE_LOOP_ANALYSIS = YES;
				CLANG_WARN_STRICT_PROTOTYPES = YES;
				CLANG_WARN_SUSPICIOUS_MOVE = YES;
				CLANG_WARN_UNGUARDED_AVAILABILITY = YES_AGGRESSIVE;
				CLANG_WARN_UNREACHABLE_CODE = YES;
				CLANG_WARN__DUPLICATE_METHOD_MATCH = YES;
				COPY_PHASE_STRIP = NO;
				DEBUG_INFORMATION_FORMAT = "dwarf-with-dsym";
				ENABLE_NS_ASSERTIONS = NO;
				ENABLE_STRICT_OBJC_MSGSEND = YES;
				GCC_C_LANGUAGE_STANDARD = gnu11;
				GCC_NO_COMMON_BLOCKS = YES;
				GCC_WARN_64_TO_32_BIT_CONVERSION = YES;
				GCC_WARN_ABOUT_RETURN_TYPE = YES_ERROR;
				GCC_WARN_UNDECLARED_SELECTOR = YES;
				GCC_WARN_UNINITIALIZED_AUTOS = YES_AGGRESSIVE;
				GCC_WARN_UNUSED_FUNCTION = YES;
				GCC_WARN_UNUSED_VARIABLE = YES;
				IPHONEOS_DEPLOYMENT_TARGET = 15.2;
				MTL_ENABLE_DEBUG_INFO = NO;
				MTL_FAST_MATH = YES;
				SDKROOT = iphoneos;
				SWIFT_COMPILATION_MODE = wholemodule;
				SWIFT_OPTIMIZATION_LEVEL = "-O";
				VALIDATE_PRODUCT = YES;
			};
			name = Release;
		};
		1C3515A427D4B874002DEF06 /* Debug */ = {
			isa = XCBuildConfiguration;
			buildSettings = {
				ASSETCATALOG_COMPILER_APPICON_NAME = AppIcon;
				ASSETCATALOG_COMPILER_GLOBAL_ACCENT_COLOR_NAME = AccentColor;
				CODE_SIGN_STYLE = Automatic;
				CURRENT_PROJECT_VERSION = 1;
				DEVELOPMENT_TEAM = 5LZNHGFB8C;
				GENERATE_INFOPLIST_FILE = YES;
				INFOPLIST_FILE = DDayCalendar/Info.plist;
				INFOPLIST_KEY_UIApplicationSupportsIndirectInputEvents = YES;
				INFOPLIST_KEY_UILaunchStoryboardName = LaunchScreen;
				INFOPLIST_KEY_UIMainStoryboardFile = Main;
				INFOPLIST_KEY_UISupportedInterfaceOrientations_iPad = "UIInterfaceOrientationPortrait UIInterfaceOrientationPortraitUpsideDown UIInterfaceOrientationLandscapeLeft UIInterfaceOrientationLandscapeRight";
				INFOPLIST_KEY_UISupportedInterfaceOrientations_iPhone = "UIInterfaceOrientationPortrait UIInterfaceOrientationLandscapeLeft UIInterfaceOrientationLandscapeRight";
				LD_RUNPATH_SEARCH_PATHS = (
					"$(inherited)",
					"@executable_path/Frameworks",
				);
				MARKETING_VERSION = 1.0;
				PRODUCT_BUNDLE_IDENTIFIER = KEEN.DDayCalendar;
				PRODUCT_NAME = "$(TARGET_NAME)";
				SWIFT_EMIT_LOC_STRINGS = YES;
				SWIFT_VERSION = 5.0;
				TARGETED_DEVICE_FAMILY = 1;
			};
			name = Debug;
		};
		1C3515A527D4B874002DEF06 /* Release */ = {
			isa = XCBuildConfiguration;
			buildSettings = {
				ASSETCATALOG_COMPILER_APPICON_NAME = AppIcon;
				ASSETCATALOG_COMPILER_GLOBAL_ACCENT_COLOR_NAME = AccentColor;
				CODE_SIGN_STYLE = Automatic;
				CURRENT_PROJECT_VERSION = 1;
				DEVELOPMENT_TEAM = 5LZNHGFB8C;
				GENERATE_INFOPLIST_FILE = YES;
				INFOPLIST_FILE = DDayCalendar/Info.plist;
				INFOPLIST_KEY_UIApplicationSupportsIndirectInputEvents = YES;
				INFOPLIST_KEY_UILaunchStoryboardName = LaunchScreen;
				INFOPLIST_KEY_UIMainStoryboardFile = Main;
				INFOPLIST_KEY_UISupportedInterfaceOrientations_iPad = "UIInterfaceOrientationPortrait UIInterfaceOrientationPortraitUpsideDown UIInterfaceOrientationLandscapeLeft UIInterfaceOrientationLandscapeRight";
				INFOPLIST_KEY_UISupportedInterfaceOrientations_iPhone = "UIInterfaceOrientationPortrait UIInterfaceOrientationLandscapeLeft UIInterfaceOrientationLandscapeRight";
				LD_RUNPATH_SEARCH_PATHS = (
					"$(inherited)",
					"@executable_path/Frameworks",
				);
				MARKETING_VERSION = 1.0;
				PRODUCT_BUNDLE_IDENTIFIER = KEEN.DDayCalendar;
				PRODUCT_NAME = "$(TARGET_NAME)";
				SWIFT_EMIT_LOC_STRINGS = YES;
				SWIFT_VERSION = 5.0;
				TARGETED_DEVICE_FAMILY = 1;
			};
			name = Release;
		};
/* End XCBuildConfiguration section */

/* Begin XCConfigurationList section */
		1C35158A27D4B874002DEF06 /* Build configuration list for PBXProject "DDayCalendar" */ = {
			isa = XCConfigurationList;
			buildConfigurations = (
				1C3515A127D4B874002DEF06 /* Debug */,
				1C3515A227D4B874002DEF06 /* Release */,
			);
			defaultConfigurationIsVisible = 0;
			defaultConfigurationName = Release;
		};
		1C3515A327D4B874002DEF06 /* Build configuration list for PBXNativeTarget "DDayCalendar" */ = {
			isa = XCConfigurationList;
			buildConfigurations = (
				1C3515A427D4B874002DEF06 /* Debug */,
				1C3515A527D4B874002DEF06 /* Release */,
			);
			defaultConfigurationIsVisible = 0;
			defaultConfigurationName = Release;
		};
/* End XCConfigurationList section */
	};
	rootObject = 1C35158727D4B874002DEF06 /* Project object */;
}
